("quicklisp" .
 (:class qlot/source/dist:source-dist
  :initargs (:project-name "quicklisp" :project-name "quicklisp" :%version :latest :distribution "http://beta.quicklisp.org/dist/quicklisp.txt")
  :version "2018-03-28"))
("alexandria" .
 (:class qlot/source/ql:source-ql
  :initargs (:project-name "alexandria" :%version "2018-01-31")
  :version "ql-2018-01-31"))
("clack-static-asset-middleware" .
 (:class qlot/source/ql:source-ql
  :initargs (:project-name "clack-static-asset-middleware" :%version "2018-01-31")
  :version "ql-2018-01-31"))
("lack" .
 (:class qlot/source/ql:source-ql
  :initargs (:project-name "lack" :%version "2018-01-31")
  :version "ql-2018-01-31"))
("cl+ssl" .
 (:class qlot/source/ql:source-ql
  :initargs (:project-name "cl+ssl" :%version "2018-03-28")
  :version "ql-2018-03-28"))
("ironclad" .
 (:class qlot/source/ql:source-ql
  :initargs (:project-name "ironclad" :%version "2018-01-31")
  :version "ql-2018-01-31"))
("nibbles" .
 (:class qlot/source/ql:source-ql
  :initargs (:project-name "nibbles" :%version "2018-01-31")
  :version "ql-2018-01-31"))
("bordeaux-threads" .
 (:class qlot/source/ql:source-ql
  :initargs (:project-name "bordeaux-threads" :%version "2018-01-31")
  :version "ql-2018-01-31"))
("clack" .
 (:class qlot/source/ql:source-ql
  :initargs (:project-name "clack" :%version "2018-01-31")
  :version "ql-2018-01-31"))
("dexador" .
 (:class qlot/source/ql:source-ql
  :initargs (:project-name "dexador" :%version "2018-01-31")
  :version "ql-2018-01-31"))
("log4cl" .
 (:class qlot/source/ql:source-ql
  :initargs (:project-name "log4cl" :%version "2018-01-31")
  :version "ql-2018-01-31"))
("nest" .
 (:class qlot/source/git:source-git
  :initargs (:project-name "nest" :remote-url "https://gitlab.com/knttl/nest" :tag "0.3.3")
  :version "git-6edfc91fdea285e68b67eadd269ad3525f268278"))
("validate" .
 (:class qlot/source/git:source-git
  :initargs (:project-name "validate" :remote-url "https://github.com/fisxoj/validate" :tag "0.2.2")
  :version "git-2204afe3a8c2beeb20b4b8ea4bf8821b9159f4e4"))
